// !$*UTF8*$!
{
	archiveVersion = 1;
	classes = {
	};
	objectVersion = 51;
	objects = {

/* Begin PBXBuildFile section */
		2A316BBFF4CC3CA0FE5F09DD /* Pods_weather_assessment.framework in Frameworks */ = {isa = PBXBuildFile; fileRef = B38944AF287B845C7C7C762E /* Pods_weather_assessment.framework */; };
		3F1DD9DAE5B6FA15869B71D1 /* Pods_weather_assessmentUITests.framework in Frameworks */ = {isa = PBXBuildFile; fileRef = 1B13F433445DBBC262B71977 /* Pods_weather_assessmentUITests.framework */; };
		7CBF0D3F100DD873B6095BBD /* Pods_weather_assessmentTests.framework in Frameworks */ = {isa = PBXBuildFile; fileRef = 56293D1E50CF9F81E199BA33 /* Pods_weather_assessmentTests.framework */; };
		8F9108F422F185AD000B77F7 /* AppDelegate.swift in Sources */ = {isa = PBXBuildFile; fileRef = 8F9108F322F185AD000B77F7 /* AppDelegate.swift */; };
		8F9108F922F185AD000B77F7 /* Main.storyboard in Resources */ = {isa = PBXBuildFile; fileRef = 8F9108F722F185AD000B77F7 /* Main.storyboard */; };
		8F9108FC22F185AD000B77F7 /* weather_assessment.xcdatamodeld in Sources */ = {isa = PBXBuildFile; fileRef = 8F9108FA22F185AD000B77F7 /* weather_assessment.xcdatamodeld */; };
		8F9108FE22F185AF000B77F7 /* Assets.xcassets in Resources */ = {isa = PBXBuildFile; fileRef = 8F9108FD22F185AF000B77F7 /* Assets.xcassets */; };
		8F91090122F185AF000B77F7 /* LaunchScreen.storyboard in Resources */ = {isa = PBXBuildFile; fileRef = 8F9108FF22F185AF000B77F7 /* LaunchScreen.storyboard */; };
		8F91090C22F185AF000B77F7 /* weather_assessmentTests.swift in Sources */ = {isa = PBXBuildFile; fileRef = 8F91090B22F185AF000B77F7 /* weather_assessmentTests.swift */; };
		8F91091722F185AF000B77F7 /* weather_assessmentUITests.swift in Sources */ = {isa = PBXBuildFile; fileRef = 8F91091622F185AF000B77F7 /* weather_assessmentUITests.swift */; };
		8F91092822F1A08D000B77F7 /* .gitignore in Resources */ = {isa = PBXBuildFile; fileRef = 8F91092722F1A08D000B77F7 /* .gitignore */; };
		DFA145DC2347A0FB00E74C08 /* ViewController.swift in Sources */ = {isa = PBXBuildFile; fileRef = DFA145DB2347A0FB00E74C08 /* ViewController.swift */; };
/* End PBXBuildFile section */

/* Begin PBXContainerItemProxy section */
		8F91090822F185AF000B77F7 /* PBXContainerItemProxy */ = {
			isa = PBXContainerItemProxy;
			containerPortal = 8F9108E822F185AD000B77F7 /* Project object */;
			proxyType = 1;
			remoteGlobalIDString = 8F9108EF22F185AD000B77F7;
			remoteInfo = "weather-assessment";
		};
		8F91091322F185AF000B77F7 /* PBXContainerItemProxy */ = {
			isa = PBXContainerItemProxy;
			containerPortal = 8F9108E822F185AD000B77F7 /* Project object */;
			proxyType = 1;
			remoteGlobalIDString = 8F9108EF22F185AD000B77F7;
			remoteInfo = "weather-assessment";
		};
/* End PBXContainerItemProxy section */

/* Begin PBXFileReference section */
		03DAAFFE1F6A0D38C929BB4B /* Pods-weather-assessmentTests.debug.xcconfig */ = {isa = PBXFileReference; includeInIndex = 1; lastKnownFileType = text.xcconfig; name = "Pods-weather-assessmentTests.debug.xcconfig"; path = "Target Support Files/Pods-weather-assessmentTests/Pods-weather-assessmentTests.debug.xcconfig"; sourceTree = "<group>"; };
		0E8208B600A43EA9DE5410C3 /* Pods-weather-assessmentTests.release.xcconfig */ = {isa = PBXFileReference; includeInIndex = 1; lastKnownFileType = text.xcconfig; name = "Pods-weather-assessmentTests.release.xcconfig"; path = "Target Support Files/Pods-weather-assessmentTests/Pods-weather-assessmentTests.release.xcconfig"; sourceTree = "<group>"; };
		121BD19B59193B60ACB7ABA3 /* Pods-weather-assessmentUITests.debug.xcconfig */ = {isa = PBXFileReference; includeInIndex = 1; lastKnownFileType = text.xcconfig; name = "Pods-weather-assessmentUITests.debug.xcconfig"; path = "Target Support Files/Pods-weather-assessmentUITests/Pods-weather-assessmentUITests.debug.xcconfig"; sourceTree = "<group>"; };
		1B13F433445DBBC262B71977 /* Pods_weather_assessmentUITests.framework */ = {isa = PBXFileReference; explicitFileType = wrapper.framework; includeInIndex = 0; path = Pods_weather_assessmentUITests.framework; sourceTree = BUILT_PRODUCTS_DIR; };
		56293D1E50CF9F81E199BA33 /* Pods_weather_assessmentTests.framework */ = {isa = PBXFileReference; explicitFileType = wrapper.framework; includeInIndex = 0; path = Pods_weather_assessmentTests.framework; sourceTree = BUILT_PRODUCTS_DIR; };
		6724E048377D2C786A1D8AA4 /* Pods-weather-assessmentUITests.release.xcconfig */ = {isa = PBXFileReference; includeInIndex = 1; lastKnownFileType = text.xcconfig; name = "Pods-weather-assessmentUITests.release.xcconfig"; path = "Target Support Files/Pods-weather-assessmentUITests/Pods-weather-assessmentUITests.release.xcconfig"; sourceTree = "<group>"; };
		712BDE926EFAD0A81A99BCFD /* Pods-weather-assessment.debug.xcconfig */ = {isa = PBXFileReference; includeInIndex = 1; lastKnownFileType = text.xcconfig; name = "Pods-weather-assessment.debug.xcconfig"; path = "Target Support Files/Pods-weather-assessment/Pods-weather-assessment.debug.xcconfig"; sourceTree = "<group>"; };
		8F9108F022F185AD000B77F7 /* weather-assessment.app */ = {isa = PBXFileReference; explicitFileType = wrapper.application; includeInIndex = 0; path = "weather-assessment.app"; sourceTree = BUILT_PRODUCTS_DIR; };
		8F9108F322F185AD000B77F7 /* AppDelegate.swift */ = {isa = PBXFileReference; lastKnownFileType = sourcecode.swift; path = AppDelegate.swift; sourceTree = "<group>"; };
		8F9108F822F185AD000B77F7 /* Base */ = {isa = PBXFileReference; lastKnownFileType = file.storyboard; name = Base; path = Base.lproj/Main.storyboard; sourceTree = "<group>"; };
		8F9108FB22F185AD000B77F7 /* weather_assessment.xcdatamodel */ = {isa = PBXFileReference; lastKnownFileType = wrapper.xcdatamodel; path = weather_assessment.xcdatamodel; sourceTree = "<group>"; };
		8F9108FD22F185AF000B77F7 /* Assets.xcassets */ = {isa = PBXFileReference; lastKnownFileType = folder.assetcatalog; path = Assets.xcassets; sourceTree = "<group>"; };
		8F91090022F185AF000B77F7 /* Base */ = {isa = PBXFileReference; lastKnownFileType = file.storyboard; name = Base; path = Base.lproj/LaunchScreen.storyboard; sourceTree = "<group>"; };
		8F91090222F185AF000B77F7 /* Info.plist */ = {isa = PBXFileReference; lastKnownFileType = text.plist.xml; path = Info.plist; sourceTree = "<group>"; };
		8F91090722F185AF000B77F7 /* weather-assessmentTests.xctest */ = {isa = PBXFileReference; explicitFileType = wrapper.cfbundle; includeInIndex = 0; path = "weather-assessmentTests.xctest"; sourceTree = BUILT_PRODUCTS_DIR; };
		8F91090B22F185AF000B77F7 /* weather_assessmentTests.swift */ = {isa = PBXFileReference; lastKnownFileType = sourcecode.swift; path = weather_assessmentTests.swift; sourceTree = "<group>"; };
		8F91090D22F185AF000B77F7 /* Info.plist */ = {isa = PBXFileReference; lastKnownFileType = text.plist.xml; path = Info.plist; sourceTree = "<group>"; };
		8F91091222F185AF000B77F7 /* weather-assessmentUITests.xctest */ = {isa = PBXFileReference; explicitFileType = wrapper.cfbundle; includeInIndex = 0; path = "weather-assessmentUITests.xctest"; sourceTree = BUILT_PRODUCTS_DIR; };
		8F91091622F185AF000B77F7 /* weather_assessmentUITests.swift */ = {isa = PBXFileReference; lastKnownFileType = sourcecode.swift; path = weather_assessmentUITests.swift; sourceTree = "<group>"; };
		8F91091822F185AF000B77F7 /* Info.plist */ = {isa = PBXFileReference; lastKnownFileType = text.plist.xml; path = Info.plist; sourceTree = "<group>"; };
		8F91092522F18710000B77F7 /* ReadMe.playground */ = {isa = PBXFileReference; lastKnownFileType = file.playground; path = ReadMe.playground; sourceTree = "<group>"; xcLanguageSpecificationIdentifier = xcode.lang.swift; };
		8F91092722F1A08D000B77F7 /* .gitignore */ = {isa = PBXFileReference; lastKnownFileType = text; path = .gitignore; sourceTree = "<group>"; };
		90A3D304C8709B59B9DBFECE /* Pods-weather-assessment.release.xcconfig */ = {isa = PBXFileReference; includeInIndex = 1; lastKnownFileType = text.xcconfig; name = "Pods-weather-assessment.release.xcconfig"; path = "Target Support Files/Pods-weather-assessment/Pods-weather-assessment.release.xcconfig"; sourceTree = "<group>"; };
		B38944AF287B845C7C7C762E /* Pods_weather_assessment.framework */ = {isa = PBXFileReference; explicitFileType = wrapper.framework; includeInIndex = 0; path = Pods_weather_assessment.framework; sourceTree = BUILT_PRODUCTS_DIR; };
		DFA145DB2347A0FB00E74C08 /* ViewController.swift */ = {isa = PBXFileReference; lastKnownFileType = sourcecode.swift; path = ViewController.swift; sourceTree = "<group>"; };
/* End PBXFileReference section */

/* Begin PBXFrameworksBuildPhase section */
		8F9108ED22F185AD000B77F7 /* Frameworks */ = {
			isa = PBXFrameworksBuildPhase;
			buildActionMask = 2147483647;
			files = (
				2A316BBFF4CC3CA0FE5F09DD /* Pods_weather_assessment.framework in Frameworks */,
			);
			runOnlyForDeploymentPostprocessing = 0;
		};
		8F91090422F185AF000B77F7 /* Frameworks */ = {
			isa = PBXFrameworksBuildPhase;
			buildActionMask = 2147483647;
			files = (
				7CBF0D3F100DD873B6095BBD /* Pods_weather_assessmentTests.framework in Frameworks */,
			);
			runOnlyForDeploymentPostprocessing = 0;
		};
		8F91090F22F185AF000B77F7 /* Frameworks */ = {
			isa = PBXFrameworksBuildPhase;
			buildActionMask = 2147483647;
			files = (
				3F1DD9DAE5B6FA15869B71D1 /* Pods_weather_assessmentUITests.framework in Frameworks */,
			);
			runOnlyForDeploymentPostprocessing = 0;
		};
/* End PBXFrameworksBuildPhase section */

/* Begin PBXGroup section */
		5CAD11C9699E7ECE6090E179 /* Pods */ = {
			isa = PBXGroup;
			children = (
				712BDE926EFAD0A81A99BCFD /* Pods-weather-assessment.debug.xcconfig */,
				90A3D304C8709B59B9DBFECE /* Pods-weather-assessment.release.xcconfig */,
				03DAAFFE1F6A0D38C929BB4B /* Pods-weather-assessmentTests.debug.xcconfig */,
				0E8208B600A43EA9DE5410C3 /* Pods-weather-assessmentTests.release.xcconfig */,
				121BD19B59193B60ACB7ABA3 /* Pods-weather-assessmentUITests.debug.xcconfig */,
				6724E048377D2C786A1D8AA4 /* Pods-weather-assessmentUITests.release.xcconfig */,
			);
			path = Pods;
			sourceTree = "<group>";
		};
		5F3B2C5F1CBB1AC2F7586F5F /* Frameworks */ = {
			isa = PBXGroup;
			children = (
				B38944AF287B845C7C7C762E /* Pods_weather_assessment.framework */,
				56293D1E50CF9F81E199BA33 /* Pods_weather_assessmentTests.framework */,
				1B13F433445DBBC262B71977 /* Pods_weather_assessmentUITests.framework */,
			);
			name = Frameworks;
			sourceTree = "<group>";
		};
		8F9108E722F185AD000B77F7 = {
			isa = PBXGroup;
			children = (
				8F91092722F1A08D000B77F7 /* .gitignore */,
				8F91092522F18710000B77F7 /* ReadMe.playground */,
				8F9108F222F185AD000B77F7 /* weather-assessment */,
				8F91090A22F185AF000B77F7 /* weather-assessmentTests */,
				8F91091522F185AF000B77F7 /* weather-assessmentUITests */,
				8F9108F122F185AD000B77F7 /* Products */,
				5CAD11C9699E7ECE6090E179 /* Pods */,
				5F3B2C5F1CBB1AC2F7586F5F /* Frameworks */,
			);
			sourceTree = "<group>";
		};
		8F9108F122F185AD000B77F7 /* Products */ = {
			isa = PBXGroup;
			children = (
				8F9108F022F185AD000B77F7 /* weather-assessment.app */,
				8F91090722F185AF000B77F7 /* weather-assessmentTests.xctest */,
				8F91091222F185AF000B77F7 /* weather-assessmentUITests.xctest */,
			);
			name = Products;
			sourceTree = "<group>";
		};
		8F9108F222F185AD000B77F7 /* weather-assessment */ = {
			isa = PBXGroup;
			children = (
				8F9108F322F185AD000B77F7 /* AppDelegate.swift */,
				DFA145D72347A06E00E74C08 /* Scenes */,
				DFA145D82347A08700E74C08 /* Storyboards */,
				DFA145D92347A0A000E74C08 /* Supporting Files */,
			);
			path = "weather-assessment";
			sourceTree = "<group>";
		};
		8F91090A22F185AF000B77F7 /* weather-assessmentTests */ = {
			isa = PBXGroup;
			children = (
				8F91090B22F185AF000B77F7 /* weather_assessmentTests.swift */,
				8F91090D22F185AF000B77F7 /* Info.plist */,
			);
			path = "weather-assessmentTests";
			sourceTree = "<group>";
		};
		8F91091522F185AF000B77F7 /* weather-assessmentUITests */ = {
			isa = PBXGroup;
			children = (
				8F91091622F185AF000B77F7 /* weather_assessmentUITests.swift */,
				8F91091822F185AF000B77F7 /* Info.plist */,
			);
			path = "weather-assessmentUITests";
			sourceTree = "<group>";
		};
		DFA145D72347A06E00E74C08 /* Scenes */ = {
			isa = PBXGroup;
			children = (
				DFA145DB2347A0FB00E74C08 /* ViewController.swift */,
			);
			path = Scenes;
			sourceTree = "<group>";
		};
		DFA145D82347A08700E74C08 /* Storyboards */ = {
			isa = PBXGroup;
			children = (
				8F9108F722F185AD000B77F7 /* Main.storyboard */,
				8F9108FF22F185AF000B77F7 /* LaunchScreen.storyboard */,
			);
			path = Storyboards;
			sourceTree = "<group>";
		};
		DFA145D92347A0A000E74C08 /* Supporting Files */ = {
			isa = PBXGroup;
			children = (
				8F9108FD22F185AF000B77F7 /* Assets.xcassets */,
				8F91090222F185AF000B77F7 /* Info.plist */,
				8F9108FA22F185AD000B77F7 /* weather_assessment.xcdatamodeld */,
			);
			name = "Supporting Files";
			sourceTree = "<group>";
		};
/* End PBXGroup section */

/* Begin PBXNativeTarget section */
		8F9108EF22F185AD000B77F7 /* weather-assessment */ = {
			isa = PBXNativeTarget;
			buildConfigurationList = 8F91091B22F185AF000B77F7 /* Build configuration list for PBXNativeTarget "weather-assessment" */;
			buildPhases = (
				F04FEFD075DBBC33D5603BA1 /* [CP] Check Pods Manifest.lock */,
				8F9108EC22F185AD000B77F7 /* Sources */,
				8F9108ED22F185AD000B77F7 /* Frameworks */,
				8F9108EE22F185AD000B77F7 /* Resources */,
				FE0D3C20641DDE3952321A5C /* [CP] Embed Pods Frameworks */,
			);
			buildRules = (
			);
			dependencies = (
			);
			name = "weather-assessment";
			productName = "weather-assessment";
			productReference = 8F9108F022F185AD000B77F7 /* weather-assessment.app */;
			productType = "com.apple.product-type.application";
		};
		8F91090622F185AF000B77F7 /* weather-assessmentTests */ = {
			isa = PBXNativeTarget;
			buildConfigurationList = 8F91091E22F185AF000B77F7 /* Build configuration list for PBXNativeTarget "weather-assessmentTests" */;
			buildPhases = (
				1A21D3EACA8C0B5BADBE22E5 /* [CP] Check Pods Manifest.lock */,
				8F91090322F185AF000B77F7 /* Sources */,
				8F91090422F185AF000B77F7 /* Frameworks */,
				8F91090522F185AF000B77F7 /* Resources */,
			);
			buildRules = (
			);
			dependencies = (
				8F91090922F185AF000B77F7 /* PBXTargetDependency */,
			);
			name = "weather-assessmentTests";
			productName = "weather-assessmentTests";
			productReference = 8F91090722F185AF000B77F7 /* weather-assessmentTests.xctest */;
			productType = "com.apple.product-type.bundle.unit-test";
		};
		8F91091122F185AF000B77F7 /* weather-assessmentUITests */ = {
			isa = PBXNativeTarget;
			buildConfigurationList = 8F91092122F185AF000B77F7 /* Build configuration list for PBXNativeTarget "weather-assessmentUITests" */;
			buildPhases = (
				354104B1C9C28FF9AAE9C619 /* [CP] Check Pods Manifest.lock */,
				8F91090E22F185AF000B77F7 /* Sources */,
				8F91090F22F185AF000B77F7 /* Frameworks */,
				8F91091022F185AF000B77F7 /* Resources */,
			);
			buildRules = (
			);
			dependencies = (
				8F91091422F185AF000B77F7 /* PBXTargetDependency */,
			);
			name = "weather-assessmentUITests";
			productName = "weather-assessmentUITests";
			productReference = 8F91091222F185AF000B77F7 /* weather-assessmentUITests.xctest */;
			productType = "com.apple.product-type.bundle.ui-testing";
		};
/* End PBXNativeTarget section */

/* Begin PBXProject section */
		8F9108E822F185AD000B77F7 /* Project object */ = {
			isa = PBXProject;
			attributes = {
				LastSwiftUpdateCheck = 1030;
				LastUpgradeCheck = 1030;
				ORGANIZATIONNAME = PED;
				TargetAttributes = {
					8F9108EF22F185AD000B77F7 = {
						CreatedOnToolsVersion = 10.3;
					};
					8F91090622F185AF000B77F7 = {
						CreatedOnToolsVersion = 10.3;
						TestTargetID = 8F9108EF22F185AD000B77F7;
					};
					8F91091122F185AF000B77F7 = {
						CreatedOnToolsVersion = 10.3;
						TestTargetID = 8F9108EF22F185AD000B77F7;
					};
				};
			};
			buildConfigurationList = 8F9108EB22F185AD000B77F7 /* Build configuration list for PBXProject "weather-assessment" */;
			compatibilityVersion = "Xcode 9.3";
			developmentRegion = en;
			hasScannedForEncodings = 0;
			knownRegions = (
				en,
				Base,
			);
			mainGroup = 8F9108E722F185AD000B77F7;
			productRefGroup = 8F9108F122F185AD000B77F7 /* Products */;
			projectDirPath = "";
			projectRoot = "";
			targets = (
				8F9108EF22F185AD000B77F7 /* weather-assessment */,
				8F91090622F185AF000B77F7 /* weather-assessmentTests */,
				8F91091122F185AF000B77F7 /* weather-assessmentUITests */,
			);
		};
/* End PBXProject section */

/* Begin PBXResourcesBuildPhase section */
		8F9108EE22F185AD000B77F7 /* Resources */ = {
			isa = PBXResourcesBuildPhase;
			buildActionMask = 2147483647;
			files = (
				8F91092822F1A08D000B77F7 /* .gitignore in Resources */,
				8F91090122F185AF000B77F7 /* LaunchScreen.storyboard in Resources */,
				8F9108FE22F185AF000B77F7 /* Assets.xcassets in Resources */,
				8F9108F922F185AD000B77F7 /* Main.storyboard in Resources */,
			);
			runOnlyForDeploymentPostprocessing = 0;
		};
		8F91090522F185AF000B77F7 /* Resources */ = {
			isa = PBXResourcesBuildPhase;
			buildActionMask = 2147483647;
			files = (
			);
			runOnlyForDeploymentPostprocessing = 0;
		};
		8F91091022F185AF000B77F7 /* Resources */ = {
			isa = PBXResourcesBuildPhase;
			buildActionMask = 2147483647;
			files = (
			);
			runOnlyForDeploymentPostprocessing = 0;
		};
/* End PBXResourcesBuildPhase section */

/* Begin PBXShellScriptBuildPhase section */
		1A21D3EACA8C0B5BADBE22E5 /* [CP] Check Pods Manifest.lock */ = {
			isa = PBXShellScriptBuildPhase;
			buildActionMask = 2147483647;
			files = (
			);
			inputFileListPaths = (
			);
			inputPaths = (
				"${PODS_PODFILE_DIR_PATH}/Podfile.lock",
				"${PODS_ROOT}/Manifest.lock",
			);
			name = "[CP] Check Pods Manifest.lock";
			outputFileListPaths = (
			);
			outputPaths = (
				"$(DERIVED_FILE_DIR)/Pods-weather-assessmentTests-checkManifestLockResult.txt",
			);
			runOnlyForDeploymentPostprocessing = 0;
			shellPath = /bin/sh;
			shellScript = "diff \"${PODS_PODFILE_DIR_PATH}/Podfile.lock\" \"${PODS_ROOT}/Manifest.lock\" > /dev/null\nif [ $? != 0 ] ; then\n    # print error to STDERR\n    echo \"error: The sandbox is not in sync with the Podfile.lock. Run 'pod install' or update your CocoaPods installation.\" >&2\n    exit 1\nfi\n# This output is used by Xcode 'outputs' to avoid re-running this script phase.\necho \"SUCCESS\" > \"${SCRIPT_OUTPUT_FILE_0}\"\n";
			showEnvVarsInLog = 0;
		};
		354104B1C9C28FF9AAE9C619 /* [CP] Check Pods Manifest.lock */ = {
			isa = PBXShellScriptBuildPhase;
			buildActionMask = 2147483647;
			files = (
			);
			inputFileListPaths = (
			);
			inputPaths = (
				"${PODS_PODFILE_DIR_PATH}/Podfile.lock",
				"${PODS_ROOT}/Manifest.lock",
			);
			name = "[CP] Check Pods Manifest.lock";
			outputFileListPaths = (
			);
			outputPaths = (
				"$(DERIVED_FILE_DIR)/Pods-weather-assessmentUITests-checkManifestLockResult.txt",
			);
			runOnlyForDeploymentPostprocessing = 0;
			shellPath = /bin/sh;
			shellScript = "diff \"${PODS_PODFILE_DIR_PATH}/Podfile.lock\" \"${PODS_ROOT}/Manifest.lock\" > /dev/null\nif [ $? != 0 ] ; then\n    # print error to STDERR\n    echo \"error: The sandbox is not in sync with the Podfile.lock. Run 'pod install' or update your CocoaPods installation.\" >&2\n    exit 1\nfi\n# This output is used by Xcode 'outputs' to avoid re-running this script phase.\necho \"SUCCESS\" > \"${SCRIPT_OUTPUT_FILE_0}\"\n";
			showEnvVarsInLog = 0;
		};
		F04FEFD075DBBC33D5603BA1 /* [CP] Check Pods Manifest.lock */ = {
			isa = PBXShellScriptBuildPhase;
			buildActionMask = 2147483647;
			files = (
			);
			inputFileListPaths = (
			);
			inputPaths = (
				"${PODS_PODFILE_DIR_PATH}/Podfile.lock",
				"${PODS_ROOT}/Manifest.lock",
			);
			name = "[CP] Check Pods Manifest.lock";
			outputFileListPaths = (
			);
			outputPaths = (
				"$(DERIVED_FILE_DIR)/Pods-weather-assessment-checkManifestLockResult.txt",
			);
			runOnlyForDeploymentPostprocessing = 0;
			shellPath = /bin/sh;
			shellScript = "diff \"${PODS_PODFILE_DIR_PATH}/Podfile.lock\" \"${PODS_ROOT}/Manifest.lock\" > /dev/null\nif [ $? != 0 ] ; then\n    # print error to STDERR\n    echo \"error: The sandbox is not in sync with the Podfile.lock. Run 'pod install' or update your CocoaPods installation.\" >&2\n    exit 1\nfi\n# This output is used by Xcode 'outputs' to avoid re-running this script phase.\necho \"SUCCESS\" > \"${SCRIPT_OUTPUT_FILE_0}\"\n";
			showEnvVarsInLog = 0;
		};
		FE0D3C20641DDE3952321A5C /* [CP] Embed Pods Frameworks */ = {
			isa = PBXShellScriptBuildPhase;
			buildActionMask = 2147483647;
			files = (
			);
			inputFileListPaths = (
				"${PODS_ROOT}/Target Support Files/Pods-weather-assessment/Pods-weather-assessment-frameworks-${CONFIGURATION}-input-files.xcfilelist",
			);
			name = "[CP] Embed Pods Frameworks";
			outputFileListPaths = (
				"${PODS_ROOT}/Target Support Files/Pods-weather-assessment/Pods-weather-assessment-frameworks-${CONFIGURATION}-output-files.xcfilelist",
			);
			runOnlyForDeploymentPostprocessing = 0;
			shellPath = /bin/sh;
			shellScript = "\"${PODS_ROOT}/Target Support Files/Pods-weather-assessment/Pods-weather-assessment-frameworks.sh\"\n";
			showEnvVarsInLog = 0;
		};
/* End PBXShellScriptBuildPhase section */

/* Begin PBXSourcesBuildPhase section */
		8F9108EC22F185AD000B77F7 /* Sources */ = {
			isa = PBXSourcesBuildPhase;
			buildActionMask = 2147483647;
			files = (
				DFA145DC2347A0FB00E74C08 /* ViewController.swift in Sources */,
				8F9108F422F185AD000B77F7 /* AppDelegate.swift in Sources */,
				8F9108FC22F185AD000B77F7 /* weather_assessment.xcdatamodeld in Sources */,
			);
			runOnlyForDeploymentPostprocessing = 0;
		};
		8F91090322F185AF000B77F7 /* Sources */ = {
			isa = PBXSourcesBuildPhase;
			buildActionMask = 2147483647;
			files = (
				8F91090C22F185AF000B77F7 /* weather_assessmentTests.swift in Sources */,
			);
			runOnlyForDeploymentPostprocessing = 0;
		};
		8F91090E22F185AF000B77F7 /* Sources */ = {
			isa = PBXSourcesBuildPhase;
			buildActionMask = 2147483647;
			files = (
				8F91091722F185AF000B77F7 /* weather_assessmentUITests.swift in Sources */,
			);
			runOnlyForDeploymentPostprocessing = 0;
		};
/* End PBXSourcesBuildPhase section */

/* Begin PBXTargetDependency section */
		8F91090922F185AF000B77F7 /* PBXTargetDependency */ = {
			isa = PBXTargetDependency;
			target = 8F9108EF22F185AD000B77F7 /* weather-assessment */;
			targetProxy = 8F91090822F185AF000B77F7 /* PBXContainerItemProxy */;
		};
		8F91091422F185AF000B77F7 /* PBXTargetDependency */ = {
			isa = PBXTargetDependency;
			target = 8F9108EF22F185AD000B77F7 /* weather-assessment */;
			targetProxy = 8F91091322F185AF000B77F7 /* PBXContainerItemProxy */;
		};
/* End PBXTargetDependency section */

/* Begin PBXVariantGroup section */
		8F9108F722F185AD000B77F7 /* Main.storyboard */ = {
			isa = PBXVariantGroup;
			children = (
				8F9108F822F185AD000B77F7 /* Base */,
			);
			name = Main.storyboard;
			sourceTree = "<group>";
		};
		8F9108FF22F185AF000B77F7 /* LaunchScreen.storyboard */ = {
			isa = PBXVariantGroup;
			children = (
				8F91090022F185AF000B77F7 /* Base */,
			);
			name = LaunchScreen.storyboard;
			sourceTree = "<group>";
		};
/* End PBXVariantGroup section */

/* Begin XCBuildConfiguration section */
		8F91091922F185AF000B77F7 /* Debug */ = {
			isa = XCBuildConfiguration;
			buildSettings = {
				ALWAYS_SEARCH_USER_PATHS = NO;
				CLANG_ANALYZER_NONNULL = YES;
				CLANG_ANALYZER_NUMBER_OBJECT_CONVERSION = YES_AGGRESSIVE;
				CLANG_CXX_LANGUAGE_STANDARD = "gnu++14";
				CLANG_CXX_LIBRARY = "libc++";
				CLANG_ENABLE_MODULES = YES;
				CLANG_ENABLE_OBJC_ARC = YES;
				CLANG_ENABLE_OBJC_WEAK = YES;
				CLANG_WARN_BLOCK_CAPTURE_AUTORELEASING = YES;
				CLANG_WARN_BOOL_CONVERSION = YES;
				CLANG_WARN_COMMA = YES;
				CLANG_WARN_CONSTANT_CONVERSION = YES;
				CLANG_WARN_DEPRECATED_OBJC_IMPLEMENTATIONS = YES;
				CLANG_WARN_DIRECT_OBJC_ISA_USAGE = YES_ERROR;
				CLANG_WARN_DOCUMENTATION_COMMENTS = YES;
				CLANG_WARN_EMPTY_BODY = YES;
				CLANG_WARN_ENUM_CONVERSION = YES;
				CLANG_WARN_INFINITE_RECURSION = YES;
				CLANG_WARN_INT_CONVERSION = YES;
				CLANG_WARN_NON_LITERAL_NULL_CONVERSION = YES;
				CLANG_WARN_OBJC_IMPLICIT_RETAIN_SELF = YES;
				CLANG_WARN_OBJC_LITERAL_CONVERSION = YES;
				CLANG_WARN_OBJC_ROOT_CLASS = YES_ERROR;
				CLANG_WARN_RANGE_LOOP_ANALYSIS = YES;
				CLANG_WARN_STRICT_PROTOTYPES = YES;
				CLANG_WARN_SUSPICIOUS_MOVE = YES;
				CLANG_WARN_UNGUARDED_AVAILABILITY = YES_AGGRESSIVE;
				CLANG_WARN_UNREACHABLE_CODE = YES;
				CLANG_WARN__DUPLICATE_METHOD_MATCH = YES;
				CODE_SIGN_IDENTITY = "iPhone Developer";
				COPY_PHASE_STRIP = NO;
				DEBUG_INFORMATION_FORMAT = dwarf;
				ENABLE_STRICT_OBJC_MSGSEND = YES;
				ENABLE_TESTABILITY = YES;
				GCC_C_LANGUAGE_STANDARD = gnu11;
				GCC_DYNAMIC_NO_PIC = NO;
				GCC_NO_COMMON_BLOCKS = YES;
				GCC_OPTIMIZATION_LEVEL = 0;
				GCC_PREPROCESSOR_DEFINITIONS = (
					"DEBUG=1",
					"$(inherited)",
				);
				GCC_WARN_64_TO_32_BIT_CONVERSION = YES;
				GCC_WARN_ABOUT_RETURN_TYPE = YES_ERROR;
				GCC_WARN_UNDECLARED_SELECTOR = YES;
				GCC_WARN_UNINITIALIZED_AUTOS = YES_AGGRESSIVE;
				GCC_WARN_UNUSED_FUNCTION = YES;
				GCC_WARN_UNUSED_VARIABLE = YES;
				IPHONEOS_DEPLOYMENT_TARGET = 12.4;
				MTL_ENABLE_DEBUG_INFO = INCLUDE_SOURCE;
				MTL_FAST_MATH = YES;
				ONLY_ACTIVE_ARCH = YES;
				SDKROOT = iphoneos;
				SWIFT_ACTIVE_COMPILATION_CONDITIONS = DEBUG;
				SWIFT_OPTIMIZATION_LEVEL = "-Onone";
			};
			name = Debug;
		};
		8F91091A22F185AF000B77F7 /* Release */ = {
			isa = XCBuildConfiguration;
			buildSettings = {
				ALWAYS_SEARCH_USER_PATHS = NO;
				CLANG_ANALYZER_NONNULL = YES;
				CLANG_ANALYZER_NUMBER_OBJECT_CONVERSION = YES_AGGRESSIVE;
				CLANG_CXX_LANGUAGE_STANDARD = "gnu++14";
				CLANG_CXX_LIBRARY = "libc++";
				CLANG_ENABLE_MODULES = YES;
				CLANG_ENABLE_OBJC_ARC = YES;
				CLANG_ENABLE_OBJC_WEAK = YES;
				CLANG_WARN_BLOCK_CAPTURE_AUTORELEASING = YES;
				CLANG_WARN_BOOL_CONVERSION = YES;
				CLANG_WARN_COMMA = YES;
				CLANG_WARN_CONSTANT_CONVERSION = YES;
				CLANG_WARN_DEPRECATED_OBJC_IMPLEMENTATIONS = YES;
				CLANG_WARN_DIRECT_OBJC_ISA_USAGE = YES_ERROR;
				CLANG_WARN_DOCUMENTATION_COMMENTS = YES;
				CLANG_WARN_EMPTY_BODY = YES;
				CLANG_WARN_ENUM_CONVERSION = YES;
				CLANG_WARN_INFINITE_RECURSION = YES;
				CLANG_WARN_INT_CONVERSION = YES;
				CLANG_WARN_NON_LITERAL_NULL_CONVERSION = YES;
				CLANG_WARN_OBJC_IMPLICIT_RETAIN_SELF = YES;
				CLANG_WARN_OBJC_LITERAL_CONVERSION = YES;
				CLANG_WARN_OBJC_ROOT_CLASS = YES_ERROR;
				CLANG_WARN_RANGE_LOOP_ANALYSIS = YES;
				CLANG_WARN_STRICT_PROTOTYPES = YES;
				CLANG_WARN_SUSPICIOUS_MOVE = YES;
				CLANG_WARN_UNGUARDED_AVAILABILITY = YES_AGGRESSIVE;
				CLANG_WARN_UNREACHABLE_CODE = YES;
				CLANG_WARN__DUPLICATE_METHOD_MATCH = YES;
				CODE_SIGN_IDENTITY = "iPhone Developer";
				COPY_PHASE_STRIP = NO;
				DEBUG_INFORMATION_FORMAT = "dwarf-with-dsym";
				ENABLE_NS_ASSERTIONS = NO;
				ENABLE_STRICT_OBJC_MSGSEND = YES;
				GCC_C_LANGUAGE_STANDARD = gnu11;
				GCC_NO_COMMON_BLOCKS = YES;
				GCC_WARN_64_TO_32_BIT_CONVERSION = YES;
				GCC_WARN_ABOUT_RETURN_TYPE = YES_ERROR;
				GCC_WARN_UNDECLARED_SELECTOR = YES;
				GCC_WARN_UNINITIALIZED_AUTOS = YES_AGGRESSIVE;
				GCC_WARN_UNUSED_FUNCTION = YES;
				GCC_WARN_UNUSED_VARIABLE = YES;
				IPHONEOS_DEPLOYMENT_TARGET = 12.4;
				MTL_ENABLE_DEBUG_INFO = NO;
				MTL_FAST_MATH = YES;
				SDKROOT = iphoneos;
				SWIFT_COMPILATION_MODE = wholemodule;
				SWIFT_OPTIMIZATION_LEVEL = "-O";
				VALIDATE_PRODUCT = YES;
			};
			name = Release;
		};
		8F91091C22F185AF000B77F7 /* Debug */ = {
			isa = XCBuildConfiguration;
			baseConfigurationReference = 712BDE926EFAD0A81A99BCFD /* Pods-weather-assessment.debug.xcconfig */;
			buildSettings = {
				ASSETCATALOG_COMPILER_APPICON_NAME = AppIcon;
				CODE_SIGN_STYLE = Automatic;
				INFOPLIST_FILE = "weather-assessment/Info.plist";
				LD_RUNPATH_SEARCH_PATHS = (
					"$(inherited)",
					"@executable_path/Frameworks",
				);
				PRODUCT_BUNDLE_IDENTIFIER = "ped.technology.weather-assessment";
				PRODUCT_NAME = "$(TARGET_NAME)";
				SWIFT_VERSION = 5.0;
				TARGETED_DEVICE_FAMILY = "1,2";
			};
			name = Debug;
		};
		8F91091D22F185AF000B77F7 /* Release */ = {
			isa = XCBuildConfiguration;
			baseConfigurationReference = 90A3D304C8709B59B9DBFECE /* Pods-weather-assessment.release.xcconfig */;
			buildSettings = {
				ASSETCATALOG_COMPILER_APPICON_NAME = AppIcon;
				CODE_SIGN_STYLE = Automatic;
				INFOPLIST_FILE = "weather-assessment/Info.plist";
				LD_RUNPATH_SEARCH_PATHS = (
					"$(inherited)",
					"@executable_path/Frameworks",
				);
				PRODUCT_BUNDLE_IDENTIFIER = "ped.technology.weather-assessment";
				PRODUCT_NAME = "$(TARGET_NAME)";
				SWIFT_VERSION = 5.0;
				TARGETED_DEVICE_FAMILY = "1,2";
			};
			name = Release;
		};
		8F91091F22F185AF000B77F7 /* Debug */ = {
			isa = XCBuildConfiguration;
			baseConfigurationReference = 03DAAFFE1F6A0D38C929BB4B /* Pods-weather-assessmentTests.debug.xcconfig */;
			buildSettings = {
				ALWAYS_EMBED_SWIFT_STANDARD_LIBRARIES = YES;
				BUNDLE_LOADER = "$(TEST_HOST)";
				CODE_SIGN_STYLE = Automatic;
				INFOPLIST_FILE = "weather-assessmentTests/Info.plist";
				LD_RUNPATH_SEARCH_PATHS = (
					"$(inherited)",
					"@executable_path/Frameworks",
					"@loader_path/Frameworks",
				);
				PRODUCT_BUNDLE_IDENTIFIER = "ped.technology.weather-assessmentTests";
				PRODUCT_NAME = "$(TARGET_NAME)";
				SWIFT_VERSION = 5.0;
				TARGETED_DEVICE_FAMILY = "1,2";
				TEST_HOST = "$(BUILT_PRODUCTS_DIR)/weather-assessment.app/weather-assessment";
			};
			name = Debug;
		};
		8F91092022F185AF000B77F7 /* Release */ = {
			isa = XCBuildConfiguration;
			baseConfigurationReference = 0E8208B600A43EA9DE5410C3 /* Pods-weather-assessmentTests.release.xcconfig */;
			buildSettings = {
				ALWAYS_EMBED_SWIFT_STANDARD_LIBRARIES = YES;
				BUNDLE_LOADER = "$(TEST_HOST)";
				CODE_SIGN_STYLE = Automatic;
				INFOPLIST_FILE = "weather-assessmentTests/Info.plist";
				LD_RUNPATH_SEARCH_PATHS = (
					"$(inherited)",
					"@executable_path/Frameworks",
					"@loader_path/Frameworks",
				);
				PRODUCT_BUNDLE_IDENTIFIER = "ped.technology.weather-assessmentTests";
				PRODUCT_NAME = "$(TARGET_NAME)";
				SWIFT_VERSION = 5.0;
				TARGETED_DEVICE_FAMILY = "1,2";
				TEST_HOST = "$(BUILT_PRODUCTS_DIR)/weather-assessment.app/weather-assessment";
			};
			name = Release;
		};
		8F91092222F185AF000B77F7 /* Debug */ = {
			isa = XCBuildConfiguration;
			baseConfigurationReference = 121BD19B59193B60ACB7ABA3 /* Pods-weather-assessmentUITests.debug.xcconfig */;
			buildSettings = {
				ALWAYS_EMBED_SWIFT_STANDARD_LIBRARIES = YES;
				CODE_SIGN_STYLE = Automatic;
				INFOPLIST_FILE = "weather-assessmentUITests/Info.plist";
				LD_RUNPATH_SEARCH_PATHS = (
					"$(inherited)",
					"@executable_path/Frameworks",
					"@loader_path/Frameworks",
				);
				PRODUCT_BUNDLE_IDENTIFIER = "ped.technology.weather-assessmentUITests";
				PRODUCT_NAME = "$(TARGET_NAME)";
				SWIFT_VERSION = 5.0;
				TARGETED_DEVICE_FAMILY = "1,2";
				TEST_TARGET_NAME = "weather-assessment";
			};
			name = Debug;
		};
		8F91092322F185AF000B77F7 /* Release */ = {
			isa = XCBuildConfiguration;
			baseConfigurationReference = 6724E048377D2C786A1D8AA4 /* Pods-weather-assessmentUITests.release.xcconfig */;
			buildSettings = {
				ALWAYS_EMBED_SWIFT_STANDARD_LIBRARIES = YES;
				CODE_SIGN_STYLE = Automatic;
				INFOPLIST_FILE = "weather-assessmentUITests/Info.plist";
				LD_RUNPATH_SEARCH_PATHS = (
					"$(inherited)",
					"@executable_path/Frameworks",
					"@loader_path/Frameworks",
				);
				PRODUCT_BUNDLE_IDENTIFIER = "ped.technology.weather-assessmentUITests";
				PRODUCT_NAME = "$(TARGET_NAME)";
				SWIFT_VERSION = 5.0;
				TARGETED_DEVICE_FAMILY = "1,2";
				TEST_TARGET_NAME = "weather-assessment";
			};
			name = Release;
		};
/* End XCBuildConfiguration section */

/* Begin XCConfigurationList section */
		8F9108EB22F185AD000B77F7 /* Build configuration list for PBXProject "weather-assessment" */ = {
			isa = XCConfigurationList;
			buildConfigurations = (
				8F91091922F185AF000B77F7 /* Debug */,
				8F91091A22F185AF000B77F7 /* Release */,
			);
			defaultConfigurationIsVisible = 0;
			defaultConfigurationName = Release;
		};
		8F91091B22F185AF000B77F7 /* Build configuration list for PBXNativeTarget "weather-assessment" */ = {
			isa = XCConfigurationList;
			buildConfigurations = (
				8F91091C22F185AF000B77F7 /* Debug */,
				8F91091D22F185AF000B77F7 /* Release */,
			);
			defaultConfigurationIsVisible = 0;
			defaultConfigurationName = Release;
		};
		8F91091E22F185AF000B77F7 /* Build configuration list for PBXNativeTarget "weather-assessmentTests" */ = {
			isa = XCConfigurationList;
			buildConfigurations = (
				8F91091F22F185AF000B77F7 /* Debug */,
				8F91092022F185AF000B77F7 /* Release */,
			);
			defaultConfigurationIsVisible = 0;
			defaultConfigurationName = Release;
		};
		8F91092122F185AF000B77F7 /* Build configuration list for PBXNativeTarget "weather-assessmentUITests" */ = {
			isa = XCConfigurationList;
			buildConfigurations = (
				8F91092222F185AF000B77F7 /* Debug */,
				8F91092322F185AF000B77F7 /* Release */,
			);
			defaultConfigurationIsVisible = 0;
			defaultConfigurationName = Release;
		};
/* End XCConfigurationList section */

/* Begin XCVersionGroup section */
		8F9108FA22F185AD000B77F7 /* weather_assessment.xcdatamodeld */ = {
			isa = XCVersionGroup;
			children = (
				8F9108FB22F185AD000B77F7 /* weather_assessment.xcdatamodel */,
			);
			currentVersion = 8F9108FB22F185AD000B77F7 /* weather_assessment.xcdatamodel */;
			path = weather_assessment.xcdatamodeld;
			sourceTree = "<group>";
			versionGroupType = wrapper.xcdatamodel;
		};
/* End XCVersionGroup section */
	};
	rootObject = 8F9108E822F185AD000B77F7 /* Project object */;
}
